
Microsoft Visual Studio Solution File, Format Version 12.00
# Visual Studio Version 17
VisualStudioVersion = 17.14.36121.58
MinimumVisualStudioVersion = 10.0.40219.1
Project("{FAE04EC0-301F-11D3-BF4B-00C04F79EFBC}") = "WpfApp1", "WpfApp1\WpfApp1.csproj", "{E66314A7-C3A7-4C5B-8D3E-B7AD15DE8E42}"
EndProject
Project("{FAE04EC0-301F-11D3-BF4B-00C04F79EFBC}") = "WpfApp2", "WpfApp2\WpfApp2.csproj", "{9EE21BE7-F69A-47E2-BDFE-0BD0EBD8466D}"
EndProject
Project("{FAE04EC0-301F-11D3-BF4B-00C04F79EFBC}") = "WpfApp4", "WpfApp4\WpfApp4.csproj", "{3C1F1F74-0BCE-41D0-BAF0-363582895805}"
EndProject
Project("{FAE04EC0-301F-11D3-BF4B-00C04F79EFBC}") = "WpfApp5", "WpfApp5\WpfApp5.csproj", "{11D6213B-6C4D-415B-901E-C86E8A35E736}"
EndProject
Project("{FAE04EC0-301F-11D3-BF4B-00C04F79EFBC}") = "WpfApp3", "WpfApp3\WpfApp3.csproj", "{74EBC3AB-531E-2275-406A-473CA0F32339}"
EndProject
Project("{FAE04EC0-301F-11D3-BF4B-00C04F79EFBC}") = "WpfCustomControlLibrary1", "WpfCustomControlLibrary1\WpfCustomControlLibrary1.csproj", "{B5C2040D-8E44-4412-A068-4FA83B7A0A98}"
EndProject
Project("{FAE04EC0-301F-11D3-BF4B-00C04F79EFBC}") = "CustomLibApplyWpfApp6", "CustomLibApplyWpfApp6\CustomLibApplyWpfApp6.csproj", "{841F7770-B4D2-428F-A709-88E99DE42484}"
EndProject
Project("{FAE04EC0-301F-11D3-BF4B-00C04F79EFBC}") = "ScaleBarExDemo", "ScaleBarExDemo\ScaleBarExDemo.csproj", "{22804624-E8A1-40D4-B295-9654BD3879D1}"
EndProject
Project("{FAE04EC0-301F-11D3-BF4B-00C04F79EFBC}") = "ScaleBar", "ScaleBar\ScaleBar.csproj", "{9CC2EEA4-FB12-44D4-9551-9E3DEEABAFF6}"
EndProject
Project("{FAE04EC0-301F-11D3-BF4B-00C04F79EFBC}") = "ScaleBarMvvm", "ScaleBarMvvm\ScaleBarMvvm.csproj", "{F43E408F-AFAA-4E1D-9257-F8265F86E7E8}"
EndProject
Project("{FAE04EC0-301F-11D3-BF4B-00C04F79EFBC}") = "ScaleBarMvvmEndingCode", "ScaleBarMvvmEndingCode\ScaleBarMvvmEndingCode.csproj", "{B02785D7-AF14-4DFD-B32B-669F2D79E3CD}"
EndProject
Global
	GlobalSection(SolutionConfigurationPlatforms) = preSolution
		Debug|Any CPU = Debug|Any CPU
		Release|Any CPU = Release|Any CPU
	EndGlobalSection
	GlobalSection(ProjectConfigurationPlatforms) = postSolution
		{E66314A7-C3A7-4C5B-8D3E-B7AD15DE8E42}.Debug|Any CPU.ActiveCfg = Debug|Any CPU
		{E66314A7-C3A7-4C5B-8D3E-B7AD15DE8E42}.Debug|Any CPU.Build.0 = Debug|Any CPU
		{E66314A7-C3A7-4C5B-8D3E-B7AD15DE8E42}.Release|Any CPU.ActiveCfg = Release|Any CPU
		{E66314A7-C3A7-4C5B-8D3E-B7AD15DE8E42}.Release|Any CPU.Build.0 = Release|Any CPU
		{9EE21BE7-F69A-47E2-BDFE-0BD0EBD8466D}.Debug|Any CPU.ActiveCfg = Debug|Any CPU
		{9EE21BE7-F69A-47E2-BDFE-0BD0EBD8466D}.Debug|Any CPU.Build.0 = Debug|Any CPU
		{9EE21BE7-F69A-47E2-BDFE-0BD0EBD8466D}.Release|Any CPU.ActiveCfg = Release|Any CPU
		{9EE21BE7-F69A-47E2-BDFE-0BD0EBD8466D}.Release|Any CPU.Build.0 = Release|Any CPU
		{3C1F1F74-0BCE-41D0-BAF0-363582895805}.Debug|Any CPU.ActiveCfg = Debug|Any CPU
		{3C1F1F74-0BCE-41D0-BAF0-363582895805}.Debug|Any CPU.Build.0 = Debug|Any CPU
		{3C1F1F74-0BCE-41D0-BAF0-363582895805}.Release|Any CPU.ActiveCfg = Release|Any CPU
		{3C1F1F74-0BCE-41D0-BAF0-363582895805}.Release|Any CPU.Build.0 = Release|Any CPU
		{11D6213B-6C4D-415B-901E-C86E8A35E736}.Debug|Any CPU.ActiveCfg = Debug|Any CPU
		{11D6213B-6C4D-415B-901E-C86E8A35E736}.Debug|Any CPU.Build.0 = Debug|Any CPU
		{11D6213B-6C4D-415B-901E-C86E8A35E736}.Release|Any CPU.ActiveCfg = Release|Any CPU
		{11D6213B-6C4D-415B-901E-C86E8A35E736}.Release|Any CPU.Build.0 = Release|Any CPU
		{74EBC3AB-531E-2275-406A-473CA0F32339}.Debug|Any CPU.ActiveCfg = Debug|Any CPU
		{74EBC3AB-531E-2275-406A-473CA0F32339}.Debug|Any CPU.Build.0 = Debug|Any CPU
		{74EBC3AB-531E-2275-406A-473CA0F32339}.Release|Any CPU.ActiveCfg = Release|Any CPU
		{74EBC3AB-531E-2275-406A-473CA0F32339}.Release|Any CPU.Build.0 = Release|Any CPU
		{B5C2040D-8E44-4412-A068-4FA83B7A0A98}.Debug|Any CPU.ActiveCfg = Debug|Any CPU
		{B5C2040D-8E44-4412-A068-4FA83B7A0A98}.Debug|Any CPU.Build.0 = Debug|Any CPU
		{B5C2040D-8E44-4412-A068-4FA83B7A0A98}.Release|Any CPU.ActiveCfg = Release|Any CPU
		{B5C2040D-8E44-4412-A068-4FA83B7A0A98}.Release|Any CPU.Build.0 = Release|Any CPU
		{841F7770-B4D2-428F-A709-88E99DE42484}.Debug|Any CPU.ActiveCfg = Debug|Any CPU
		{841F7770-B4D2-428F-A709-88E99DE42484}.Debug|Any CPU.Build.0 = Debug|Any CPU
		{841F7770-B4D2-428F-A709-88E99DE42484}.Release|Any CPU.ActiveCfg = Release|Any CPU
		{841F7770-B4D2-428F-A709-88E99DE42484}.Release|Any CPU.Build.0 = Release|Any CPU
		{22804624-E8A1-40D4-B295-9654BD3879D1}.Debug|Any CPU.ActiveCfg = Debug|Any CPU
		{22804624-E8A1-40D4-B295-9654BD3879D1}.Debug|Any CPU.Build.0 = Debug|Any CPU
		{22804624-E8A1-40D4-B295-9654BD3879D1}.Release|Any CPU.ActiveCfg = Release|Any CPU
		{22804624-E8A1-40D4-B295-9654BD3879D1}.Release|Any CPU.Build.0 = Release|Any CPU
		{9CC2EEA4-FB12-44D4-9551-9E3DEEABAFF6}.Debug|Any CPU.ActiveCfg = Debug|Any CPU
		{9CC2EEA4-FB12-44D4-9551-9E3DEEABAFF6}.Debug|Any CPU.Build.0 = Debug|Any CPU
		{9CC2EEA4-FB12-44D4-9551-9E3DEEABAFF6}.Release|Any CPU.ActiveCfg = Release|Any CPU
		{9CC2EEA4-FB12-44D4-9551-9E3DEEABAFF6}.Release|Any CPU.Build.0 = Release|Any CPU
		{F43E408F-AFAA-4E1D-9257-F8265F86E7E8}.Debug|Any CPU.ActiveCfg = Debug|Any CPU
		{F43E408F-AFAA-4E1D-9257-F8265F86E7E8}.Debug|Any CPU.Build.0 = Debug|Any CPU
		{F43E408F-AFAA-4E1D-9257-F8265F86E7E8}.Release|Any CPU.ActiveCfg = Release|Any CPU
		{F43E408F-AFAA-4E1D-9257-F8265F86E7E8}.Release|Any CPU.Build.0 = Release|Any CPU
		{B02785D7-AF14-4DFD-B32B-669F2D79E3CD}.Debug|Any CPU.ActiveCfg = Debug|Any CPU
		{B02785D7-AF14-4DFD-B32B-669F2D79E3CD}.Debug|Any CPU.Build.0 = Debug|Any CPU
		{B02785D7-AF14-4DFD-B32B-669F2D79E3CD}.Release|Any CPU.ActiveCfg = Release|Any CPU
		{B02785D7-AF14-4DFD-B32B-669F2D79E3CD}.Release|Any CPU.Build.0 = Release|Any CPU
	EndGlobalSection
	GlobalSection(SolutionProperties) = preSolution
		HideSolutionNode = FALSE
	EndGlobalSection
	GlobalSection(ExtensibilityGlobals) = postSolution
		SolutionGuid = {D48C4F1D-0B75-424A-A791-5A3746C06B86}
	EndGlobalSection
EndGlobal
